
Microsoft Visual Studio Solution File, Format Version 12.00
# Visual Studio Version 16
VisualStudioVersion = 16.0.32929.386
MinimumVisualStudioVersion = 10.0.40219.1
Project("{FAE04EC0-301F-11D3-BF4B-00C04F79EFBC}") = "ButtonBackgroundControl_test", "ButtonBackgroundControl_test\ButtonBackgroundControl_test.csproj", "{DEA16A21-B184-46EF-8138-A2A31CFF952D}"
EndProject
Global
	GlobalSection(SolutionConfigurationPlatforms) = preSolution
		Debug|ARM = Debug|ARM
		Debug|ARM64 = Debug|ARM64
		Debug|x64 = Debug|x64
		Debug|x86 = Debug|x86
		Release|ARM = Release|ARM
		Release|ARM64 = Release|ARM64
		Release|x64 = Release|x64
		Release|x86 = Release|x86
	EndGlobalSection
	GlobalSection(ProjectConfigurationPlatforms) = postSolution
		{DEA16A21-B184-46EF-8138-A2A31CFF952D}.Debug|ARM.ActiveCfg = Debug|ARM
		{DEA16A21-B184-46EF-8138-A2A31CFF952D}.Debug|ARM.Build.0 = Debug|ARM
		{DEA16A21-B184-46EF-8138-A2A31CFF952D}.Debug|ARM.Deploy.0 = Debug|ARM
		{DEA16A21-B184-46EF-8138-A2A31CFF952D}.Debug|ARM64.ActiveCfg = Debug|ARM64
		{DEA16A21-B184-46EF-8138-A2A31CFF952D}.Debug|ARM64.Build.0 = Debug|ARM64
		{DEA16A21-B184-46EF-8138-A2A31CFF952D}.Debug|ARM64.Deploy.0 = Debug|ARM64
		{DEA16A21-B184-46EF-8138-A2A31CFF952D}.Debug|x64.ActiveCfg = Debug|x64
		{DEA16A21-B184-46EF-8138-A2A31CFF952D}.Debug|x64.Build.0 = Debug|x64
		{DEA16A21-B184-46EF-8138-A2A31CFF952D}.Debug|x64.Deploy.0 = Debug|x64
		{DEA16A21-B184-46EF-8138-A2A31CFF952D}.Debug|x86.ActiveCfg = Debug|x86
		{DEA16A21-B184-46EF-8138-A2A31CFF952D}.Debug|x86.Build.0 = Debug|x86
		{DEA16A21-B184-46EF-8138-A2A31CFF952D}.Debug|x86.Deploy.0 = Debug|x86
		{DEA16A21-B184-46EF-8138-A2A31CFF952D}.Release|ARM.ActiveCfg = Release|ARM
		{DEA16A21-B184-46EF-8138-A2A31CFF952D}.Release|ARM.Build.0 = Release|ARM
		{DEA16A21-B184-46EF-8138-A2A31CFF952D}.Release|ARM.Deploy.0 = Release|ARM
		{DEA16A21-B184-46EF-8138-A2A31CFF952D}.Release|ARM64.ActiveCfg = Release|ARM64
		{DEA16A21-B184-46EF-8138-A2A31CFF952D}.Release|ARM64.Build.0 = Release|ARM64
		{DEA16A21-B184-46EF-8138-A2A31CFF952D}.Release|ARM64.Deploy.0 = Release|ARM64
		{DEA16A21-B184-46EF-8138-A2A31CFF952D}.Release|x64.ActiveCfg = Release|x64
		{DEA16A21-B184-46EF-8138-A2A31CFF952D}.Release|x64.Build.0 = Release|x64
		{DEA16A21-B184-46EF-8138-A2A31CFF952D}.Release|x64.Deploy.0 = Release|x64
		{DEA16A21-B184-46EF-8138-A2A31CFF952D}.Release|x86.ActiveCfg = Release|x86
		{DEA16A21-B184-46EF-8138-A2A31CFF952D}.Release|x86.Build.0 = Release|x86
		{DEA16A21-B184-46EF-8138-A2A31CFF952D}.Release|x86.Deploy.0 = Release|x86
	EndGlobalSection
	GlobalSection(SolutionProperties) = preSolution
		HideSolutionNode = FALSE
	EndGlobalSection
	GlobalSection(ExtensibilityGlobals) = postSolution
		SolutionGuid = {42774024-0C48-4E01-AEF9-7B7E7A67BD99}
	EndGlobalSection
EndGlobal
